
Microsoft Visual Studio Solution File, Format Version 12.00
# Visual Studio Version 16
VisualStudioVersion = 16.0.30225.117
MinimumVisualStudioVersion = 10.0.40219.1
Project("{8BC9CEB8-8B4A-11D0-8D11-00A0C91BC942}") = "ASD-Lab3.1", "ASD-Lab3.1\ASD-Lab3.1.vcxproj", "{F19E23D7-891F-4ECD-AC88-BD1591113231}"
EndProject
Project("{8BC9CEB8-8B4A-11D0-8D11-00A0C91BC942}") = "ASD-Lab3.2", "ASD-Lab3.2\ASD-Lab3.2.vcxproj", "{831D31C7-D7FB-4853-AF93-EB3A5006C035}"
EndProject
Global
	GlobalSection(SolutionConfigurationPlatforms) = preSolution
		Debug|x64 = Debug|x64
		Debug|x86 = Debug|x86
		Release|x64 = Release|x64
		Release|x86 = Release|x86
	EndGlobalSection
	GlobalSection(ProjectConfigurationPlatforms) = postSolution
		{F19E23D7-891F-4ECD-AC88-BD1591113231}.Debug|x64.ActiveCfg = Debug|x64
		{F19E23D7-891F-4ECD-AC88-BD1591113231}.Debug|x64.Build.0 = Debug|x64
		{F19E23D7-891F-4ECD-AC88-BD1591113231}.Debug|x86.ActiveCfg = Debug|Win32
		{F19E23D7-891F-4ECD-AC88-BD1591113231}.Debug|x86.Build.0 = Debug|Win32
		{F19E23D7-891F-4ECD-AC88-BD1591113231}.Release|x64.ActiveCfg = Release|x64
		{F19E23D7-891F-4ECD-AC88-BD1591113231}.Release|x64.Build.0 = Release|x64
		{F19E23D7-891F-4ECD-AC88-BD1591113231}.Release|x86.ActiveCfg = Release|Win32
		{F19E23D7-891F-4ECD-AC88-BD1591113231}.Release|x86.Build.0 = Release|Win32
		{831D31C7-D7FB-4853-AF93-EB3A5006C035}.Debug|x64.ActiveCfg = Debug|x64
		{831D31C7-D7FB-4853-AF93-EB3A5006C035}.Debug|x64.Build.0 = Debug|x64
		{831D31C7-D7FB-4853-AF93-EB3A5006C035}.Debug|x86.ActiveCfg = Debug|Win32
		{831D31C7-D7FB-4853-AF93-EB3A5006C035}.Debug|x86.Build.0 = Debug|Win32
		{831D31C7-D7FB-4853-AF93-EB3A5006C035}.Release|x64.ActiveCfg = Release|x64
		{831D31C7-D7FB-4853-AF93-EB3A5006C035}.Release|x64.Build.0 = Release|x64
		{831D31C7-D7FB-4853-AF93-EB3A5006C035}.Release|x86.ActiveCfg = Release|Win32
		{831D31C7-D7FB-4853-AF93-EB3A5006C035}.Release|x86.Build.0 = Release|Win32
	EndGlobalSection
	GlobalSection(SolutionProperties) = preSolution
		HideSolutionNode = FALSE
	EndGlobalSection
	GlobalSection(ExtensibilityGlobals) = postSolution
		SolutionGuid = {B3026517-F920-49B2-8875-C41B0A5A78EC}
	EndGlobalSection
EndGlobal
